
Microsoft Visual Studio Solution File, Format Version 12.00
# Visual Studio Version 16
VisualStudioVersion = 16.0.30011.22
MinimumVisualStudioVersion = 10.0.40219.1
Project("{FAE04EC0-301F-11D3-BF4B-00C04F79EFBC}") = "CommerceProject", "CommerceProject\CommerceProject.csproj", "{F1B68B74-4D3E-4551-8BEC-8731B0A460FA}"
EndProject
Global
	GlobalSection(SolutionConfigurationPlatforms) = preSolution
		Debug|Any CPU = Debug|Any CPU
		Release|Any CPU = Release|Any CPU
	EndGlobalSection
	GlobalSection(ProjectConfigurationPlatforms) = postSolution
		{F1B68B74-4D3E-4551-8BEC-8731B0A460FA}.Debug|Any CPU.ActiveCfg = Debug|Any CPU
		{F1B68B74-4D3E-4551-8BEC-8731B0A460FA}.Debug|Any CPU.Build.0 = Debug|Any CPU
		{F1B68B74-4D3E-4551-8BEC-8731B0A460FA}.Release|Any CPU.ActiveCfg = Release|Any CPU
		{F1B68B74-4D3E-4551-8BEC-8731B0A460FA}.Release|Any CPU.Build.0 = Release|Any CPU
	EndGlobalSection
	GlobalSection(SolutionProperties) = preSolution
		HideSolutionNode = FALSE
	EndGlobalSection
	GlobalSection(ExtensibilityGlobals) = postSolution
		SolutionGuid = {52BF3454-F07E-4E62-9584-D6F9113B362E}
	EndGlobalSection
EndGlobal
